
Microsoft Visual Studio Solution File, Format Version 12.00
# Visual Studio Version 17
VisualStudioVersion = 17.14.36221.1 d17.14
MinimumVisualStudioVersion = 10.0.40219.1
Project("{FAE04EC0-301F-11D3-BF4B-00C04F79EFBC}") = "xbIzzys BO2 Camo Tool", "xbIzzys BO2 Camo Tool\xbIzzys BO2 Camo Tool.csproj", "{FF6BC1BA-7C9F-4ECF-AB42-A1E440A3F3D4}"
EndProject
Global
	GlobalSection(SolutionConfigurationPlatforms) = preSolution
		Debug|Any CPU = Debug|Any CPU
		Release|Any CPU = Release|Any CPU
	EndGlobalSection
	GlobalSection(ProjectConfigurationPlatforms) = postSolution
		{FF6BC1BA-7C9F-4ECF-AB42-A1E440A3F3D4}.Debug|Any CPU.ActiveCfg = Debug|Any CPU
		{FF6BC1BA-7C9F-4ECF-AB42-A1E440A3F3D4}.Debug|Any CPU.Build.0 = Debug|Any CPU
		{FF6BC1BA-7C9F-4ECF-AB42-A1E440A3F3D4}.Release|Any CPU.ActiveCfg = Release|Any CPU
		{FF6BC1BA-7C9F-4ECF-AB42-A1E440A3F3D4}.Release|Any CPU.Build.0 = Release|Any CPU
	EndGlobalSection
	GlobalSection(SolutionProperties) = preSolution
		HideSolutionNode = FALSE
	EndGlobalSection
	GlobalSection(ExtensibilityGlobals) = postSolution
		SolutionGuid = {A566A74D-AB4A-4996-B531-F1EB15BC3490}
	EndGlobalSection
EndGlobal
